
Microsoft Visual Studio Solution File, Format Version 12.00
# Visual Studio 15
VisualStudioVersion = 15.0.28307.1145
MinimumVisualStudioVersion = 10.0.40219.1
Project("{FAE04EC0-301F-11D3-BF4B-00C04F79EFBC}") = "LinqToSql", "LinqToSql\LinqToSql.csproj", "{581CD6C0-FE65-4A98-886E-4CFBE0998248}"
EndProject
Global
	GlobalSection(SolutionConfigurationPlatforms) = preSolution
		Debug|Any CPU = Debug|Any CPU
		Release|Any CPU = Release|Any CPU
	EndGlobalSection
	GlobalSection(ProjectConfigurationPlatforms) = postSolution
		{581CD6C0-FE65-4A98-886E-4CFBE0998248}.Debug|Any CPU.ActiveCfg = Debug|Any CPU
		{581CD6C0-FE65-4A98-886E-4CFBE0998248}.Debug|Any CPU.Build.0 = Debug|Any CPU
		{581CD6C0-FE65-4A98-886E-4CFBE0998248}.Release|Any CPU.ActiveCfg = Release|Any CPU
		{581CD6C0-FE65-4A98-886E-4CFBE0998248}.Release|Any CPU.Build.0 = Release|Any CPU
	EndGlobalSection
	GlobalSection(SolutionProperties) = preSolution
		HideSolutionNode = FALSE
	EndGlobalSection
	GlobalSection(ExtensibilityGlobals) = postSolution
		SolutionGuid = {52C059E1-A17A-49C5-9CF6-D3F62DB244A0}
	EndGlobalSection
EndGlobal
